
Microsoft Visual Studio Solution File, Format Version 12.00
# Visual Studio Version 17
VisualStudioVersion = 17.10.35201.131
MinimumVisualStudioVersion = 10.0.40219.1
Project("{FAE04EC0-301F-11D3-BF4B-00C04F79EFBC}") = "GenericFunctions", "GenericFunctions.csproj", "{B1E2AF3A-C82A-48A9-823A-A94B9FB61F63}"
EndProject
Global
	GlobalSection(SolutionConfigurationPlatforms) = preSolution
		Debug|Any CPU = Debug|Any CPU
		Release|Any CPU = Release|Any CPU
	EndGlobalSection
	GlobalSection(ProjectConfigurationPlatforms) = postSolution
		{B1E2AF3A-C82A-48A9-823A-A94B9FB61F63}.Debug|Any CPU.ActiveCfg = Debug|Any CPU
		{B1E2AF3A-C82A-48A9-823A-A94B9FB61F63}.Debug|Any CPU.Build.0 = Debug|Any CPU
		{B1E2AF3A-C82A-48A9-823A-A94B9FB61F63}.Release|Any CPU.ActiveCfg = Release|Any CPU
		{B1E2AF3A-C82A-48A9-823A-A94B9FB61F63}.Release|Any CPU.Build.0 = Release|Any CPU
	EndGlobalSection
	GlobalSection(SolutionProperties) = preSolution
		HideSolutionNode = FALSE
	EndGlobalSection
	GlobalSection(ExtensibilityGlobals) = postSolution
		SolutionGuid = {9E7D423F-C069-4F97-8751-0539708F9B4C}
	EndGlobalSection
EndGlobal
